
Microsoft Visual Studio Solution File, Format Version 12.00
# Visual Studio Version 17
VisualStudioVersion = 17.4.33205.214
MinimumVisualStudioVersion = 10.0.40219.1
Project("{9A19103F-16F7-4668-BE54-9A1E7A4F7556}") = "1_1927", "1_1927\1_1927.csproj", "{F940AC50-C6B9-404B-8D89-78ED0B3AD265}"
EndProject
Project("{9A19103F-16F7-4668-BE54-9A1E7A4F7556}") = "1_1_1927", "1_1_1927\1_1_1927.csproj", "{32F64237-9A5D-40A9-95C6-4F9236A0F1D4}"
EndProject
Project("{9A19103F-16F7-4668-BE54-9A1E7A4F7556}") = "2_1715", "2_1715\2_1715.csproj", "{CD1AC197-D265-4D0A-9ED7-F527777965BC}"
EndProject
Project("{9A19103F-16F7-4668-BE54-9A1E7A4F7556}") = "3_1766(re)", "3_1766\3_1766(re).csproj", "{88744FAC-C8B3-406F-8CFF-7A4D1FE96120}"
EndProject
Project("{9A19103F-16F7-4668-BE54-9A1E7A4F7556}") = "4_1904", "4_190\4_1904.csproj", "{5AF89FF2-7E24-48D6-80DA-0A803BA6BF31}"
EndProject
Project("{9A19103F-16F7-4668-BE54-9A1E7A4F7556}") = "5_12865(im)", "5_12865(im)\5_12865(im).csproj", "{D795BD66-0819-4DD2-A7DA-B1211FB017C8}"
EndProject
Project("{9A19103F-16F7-4668-BE54-9A1E7A4F7556}") = "6_11053", "6_11053\6_11053.csproj", "{BD95128B-5BA3-4E8B-8F0E-F0420FD66AA6}"
EndProject
Project("{9A19103F-16F7-4668-BE54-9A1E7A4F7556}") = "7_9251", "7_9251\7_9251.csproj", "{9FE27344-DF92-495F-A3CD-69F66B38CF9E}"
EndProject
Project("{9A19103F-16F7-4668-BE54-9A1E7A4F7556}") = "8_2655", "8_2655\8_2655.csproj", "{C8B0881D-F75A-4E51-BB09-384A0F87D4CF}"
EndProject
Project("{9A19103F-16F7-4668-BE54-9A1E7A4F7556}") = "9_1495", "9_1495\9_1495.csproj", "{57AEE6E8-4462-43DB-8F6C-8B1FC27E0E43}"
EndProject
Project("{9A19103F-16F7-4668-BE54-9A1E7A4F7556}") = "10_1_1260", "10_1_1260\10_1_1260.csproj", "{5A645FB8-C212-4BC3-B7A7-CEE9B2BA4938}"
EndProject
Project("{9A19103F-16F7-4668-BE54-9A1E7A4F7556}") = "11_1697", "11_1697\11_1697.csproj", "{94EC2AA9-3572-4277-BB87-D3AE7E5E58CA}"
EndProject
Project("{9A19103F-16F7-4668-BE54-9A1E7A4F7556}") = "12_2606", "12_2606\12_2606.csproj", "{24043547-5BE6-4426-8711-487EED625BAF}"
EndProject
Project("{9A19103F-16F7-4668-BE54-9A1E7A4F7556}") = "13_1012", "13_1012\13_1012.csproj", "{06FA0E28-9BBD-44B3-B3BE-0426CE20EBE8}"
EndProject
Project("{9A19103F-16F7-4668-BE54-9A1E7A4F7556}") = "14_1325", "14_1325\14_1325.csproj", "{136C24F8-E3D7-4B8C-9149-351AAA6C8408}"
EndProject
Project("{FAE04EC0-301F-11D3-BF4B-00C04F79EFBC}") = "15_1_10282", "15_1_10282\15_1_10282.csproj", "{164D88D6-078F-41C6-ABAE-80E30AB4B85B}"
EndProject
Global
	GlobalSection(SolutionConfigurationPlatforms) = preSolution
		Debug|Any CPU = Debug|Any CPU
		Release|Any CPU = Release|Any CPU
	EndGlobalSection
	GlobalSection(ProjectConfigurationPlatforms) = postSolution
		{F940AC50-C6B9-404B-8D89-78ED0B3AD265}.Debug|Any CPU.ActiveCfg = Debug|Any CPU
		{F940AC50-C6B9-404B-8D89-78ED0B3AD265}.Debug|Any CPU.Build.0 = Debug|Any CPU
		{F940AC50-C6B9-404B-8D89-78ED0B3AD265}.Release|Any CPU.ActiveCfg = Release|Any CPU
		{F940AC50-C6B9-404B-8D89-78ED0B3AD265}.Release|Any CPU.Build.0 = Release|Any CPU
		{32F64237-9A5D-40A9-95C6-4F9236A0F1D4}.Debug|Any CPU.ActiveCfg = Debug|Any CPU
		{32F64237-9A5D-40A9-95C6-4F9236A0F1D4}.Debug|Any CPU.Build.0 = Debug|Any CPU
		{32F64237-9A5D-40A9-95C6-4F9236A0F1D4}.Release|Any CPU.ActiveCfg = Release|Any CPU
		{32F64237-9A5D-40A9-95C6-4F9236A0F1D4}.Release|Any CPU.Build.0 = Release|Any CPU
		{CD1AC197-D265-4D0A-9ED7-F527777965BC}.Debug|Any CPU.ActiveCfg = Debug|Any CPU
		{CD1AC197-D265-4D0A-9ED7-F527777965BC}.Debug|Any CPU.Build.0 = Debug|Any CPU
		{CD1AC197-D265-4D0A-9ED7-F527777965BC}.Release|Any CPU.ActiveCfg = Release|Any CPU
		{CD1AC197-D265-4D0A-9ED7-F527777965BC}.Release|Any CPU.Build.0 = Release|Any CPU
		{88744FAC-C8B3-406F-8CFF-7A4D1FE96120}.Debug|Any CPU.ActiveCfg = Debug|Any CPU
		{88744FAC-C8B3-406F-8CFF-7A4D1FE96120}.Debug|Any CPU.Build.0 = Debug|Any CPU
		{88744FAC-C8B3-406F-8CFF-7A4D1FE96120}.Release|Any CPU.ActiveCfg = Release|Any CPU
		{88744FAC-C8B3-406F-8CFF-7A4D1FE96120}.Release|Any CPU.Build.0 = Release|Any CPU
		{5AF89FF2-7E24-48D6-80DA-0A803BA6BF31}.Debug|Any CPU.ActiveCfg = Debug|Any CPU
		{5AF89FF2-7E24-48D6-80DA-0A803BA6BF31}.Debug|Any CPU.Build.0 = Debug|Any CPU
		{5AF89FF2-7E24-48D6-80DA-0A803BA6BF31}.Release|Any CPU.ActiveCfg = Release|Any CPU
		{5AF89FF2-7E24-48D6-80DA-0A803BA6BF31}.Release|Any CPU.Build.0 = Release|Any CPU
		{D795BD66-0819-4DD2-A7DA-B1211FB017C8}.Debug|Any CPU.ActiveCfg = Debug|Any CPU
		{D795BD66-0819-4DD2-A7DA-B1211FB017C8}.Debug|Any CPU.Build.0 = Debug|Any CPU
		{D795BD66-0819-4DD2-A7DA-B1211FB017C8}.Release|Any CPU.ActiveCfg = Release|Any CPU
		{D795BD66-0819-4DD2-A7DA-B1211FB017C8}.Release|Any CPU.Build.0 = Release|Any CPU
		{BD95128B-5BA3-4E8B-8F0E-F0420FD66AA6}.Debug|Any CPU.ActiveCfg = Debug|Any CPU
		{BD95128B-5BA3-4E8B-8F0E-F0420FD66AA6}.Debug|Any CPU.Build.0 = Debug|Any CPU
		{BD95128B-5BA3-4E8B-8F0E-F0420FD66AA6}.Release|Any CPU.ActiveCfg = Release|Any CPU
		{BD95128B-5BA3-4E8B-8F0E-F0420FD66AA6}.Release|Any CPU.Build.0 = Release|Any CPU
		{9FE27344-DF92-495F-A3CD-69F66B38CF9E}.Debug|Any CPU.ActiveCfg = Debug|Any CPU
		{9FE27344-DF92-495F-A3CD-69F66B38CF9E}.Debug|Any CPU.Build.0 = Debug|Any CPU
		{9FE27344-DF92-495F-A3CD-69F66B38CF9E}.Release|Any CPU.ActiveCfg = Release|Any CPU
		{9FE27344-DF92-495F-A3CD-69F66B38CF9E}.Release|Any CPU.Build.0 = Release|Any CPU
		{C8B0881D-F75A-4E51-BB09-384A0F87D4CF}.Debug|Any CPU.ActiveCfg = Debug|Any CPU
		{C8B0881D-F75A-4E51-BB09-384A0F87D4CF}.Debug|Any CPU.Build.0 = Debug|Any CPU
		{C8B0881D-F75A-4E51-BB09-384A0F87D4CF}.Release|Any CPU.ActiveCfg = Release|Any CPU
		{C8B0881D-F75A-4E51-BB09-384A0F87D4CF}.Release|Any CPU.Build.0 = Release|Any CPU
		{57AEE6E8-4462-43DB-8F6C-8B1FC27E0E43}.Debug|Any CPU.ActiveCfg = Debug|Any CPU
		{57AEE6E8-4462-43DB-8F6C-8B1FC27E0E43}.Debug|Any CPU.Build.0 = Debug|Any CPU
		{57AEE6E8-4462-43DB-8F6C-8B1FC27E0E43}.Release|Any CPU.ActiveCfg = Release|Any CPU
		{57AEE6E8-4462-43DB-8F6C-8B1FC27E0E43}.Release|Any CPU.Build.0 = Release|Any CPU
		{5A645FB8-C212-4BC3-B7A7-CEE9B2BA4938}.Debug|Any CPU.ActiveCfg = Debug|Any CPU
		{5A645FB8-C212-4BC3-B7A7-CEE9B2BA4938}.Debug|Any CPU.Build.0 = Debug|Any CPU
		{5A645FB8-C212-4BC3-B7A7-CEE9B2BA4938}.Release|Any CPU.ActiveCfg = Release|Any CPU
		{5A645FB8-C212-4BC3-B7A7-CEE9B2BA4938}.Release|Any CPU.Build.0 = Release|Any CPU
		{94EC2AA9-3572-4277-BB87-D3AE7E5E58CA}.Debug|Any CPU.ActiveCfg = Debug|Any CPU
		{94EC2AA9-3572-4277-BB87-D3AE7E5E58CA}.Debug|Any CPU.Build.0 = Debug|Any CPU
		{94EC2AA9-3572-4277-BB87-D3AE7E5E58CA}.Release|Any CPU.ActiveCfg = Release|Any CPU
		{94EC2AA9-3572-4277-BB87-D3AE7E5E58CA}.Release|Any CPU.Build.0 = Release|Any CPU
		{24043547-5BE6-4426-8711-487EED625BAF}.Debug|Any CPU.ActiveCfg = Debug|Any CPU
		{24043547-5BE6-4426-8711-487EED625BAF}.Debug|Any CPU.Build.0 = Debug|Any CPU
		{24043547-5BE6-4426-8711-487EED625BAF}.Release|Any CPU.ActiveCfg = Release|Any CPU
		{24043547-5BE6-4426-8711-487EED625BAF}.Release|Any CPU.Build.0 = Release|Any CPU
		{06FA0E28-9BBD-44B3-B3BE-0426CE20EBE8}.Debug|Any CPU.ActiveCfg = Debug|Any CPU
		{06FA0E28-9BBD-44B3-B3BE-0426CE20EBE8}.Debug|Any CPU.Build.0 = Debug|Any CPU
		{06FA0E28-9BBD-44B3-B3BE-0426CE20EBE8}.Release|Any CPU.ActiveCfg = Release|Any CPU
		{06FA0E28-9BBD-44B3-B3BE-0426CE20EBE8}.Release|Any CPU.Build.0 = Release|Any CPU
		{136C24F8-E3D7-4B8C-9149-351AAA6C8408}.Debug|Any CPU.ActiveCfg = Debug|Any CPU
		{136C24F8-E3D7-4B8C-9149-351AAA6C8408}.Debug|Any CPU.Build.0 = Debug|Any CPU
		{136C24F8-E3D7-4B8C-9149-351AAA6C8408}.Release|Any CPU.ActiveCfg = Release|Any CPU
		{136C24F8-E3D7-4B8C-9149-351AAA6C8408}.Release|Any CPU.Build.0 = Release|Any CPU
		{164D88D6-078F-41C6-ABAE-80E30AB4B85B}.Debug|Any CPU.ActiveCfg = Debug|Any CPU
		{164D88D6-078F-41C6-ABAE-80E30AB4B85B}.Debug|Any CPU.Build.0 = Debug|Any CPU
		{164D88D6-078F-41C6-ABAE-80E30AB4B85B}.Release|Any CPU.ActiveCfg = Release|Any CPU
		{164D88D6-078F-41C6-ABAE-80E30AB4B85B}.Release|Any CPU.Build.0 = Release|Any CPU
	EndGlobalSection
	GlobalSection(SolutionProperties) = preSolution
		HideSolutionNode = FALSE
	EndGlobalSection
	GlobalSection(ExtensibilityGlobals) = postSolution
		SolutionGuid = {A665DF34-21BC-49F6-AF0E-5D40B585EABE}
	EndGlobalSection
EndGlobal
