
Microsoft Visual Studio Solution File, Format Version 12.00
# Visual Studio Version 17
VisualStudioVersion = 17.4.33205.214
MinimumVisualStudioVersion = 10.0.40219.1
Project("{9A19103F-16F7-4668-BE54-9A1E7A4F7556}") = "1_1927", "1_1927\1_1927.csproj", "{F940AC50-C6B9-404B-8D89-78ED0B3AD265}"
EndProject
Project("{9A19103F-16F7-4668-BE54-9A1E7A4F7556}") = "1_1_1927", "1_1_1927\1_1_1927.csproj", "{32F64237-9A5D-40A9-95C6-4F9236A0F1D4}"
EndProject
Project("{9A19103F-16F7-4668-BE54-9A1E7A4F7556}") = "2_1715", "2_1715\2_1715.csproj", "{CD1AC197-D265-4D0A-9ED7-F527777965BC}"
EndProject
Project("{FAE04EC0-301F-11D3-BF4B-00C04F79EFBC}") = "3_1766", "3_1766\3_1766.csproj", "{88744FAC-C8B3-406F-8CFF-7A4D1FE96120}"
EndProject
Global
	GlobalSection(SolutionConfigurationPlatforms) = preSolution
		Debug|Any CPU = Debug|Any CPU
		Release|Any CPU = Release|Any CPU
	EndGlobalSection
	GlobalSection(ProjectConfigurationPlatforms) = postSolution
		{F940AC50-C6B9-404B-8D89-78ED0B3AD265}.Debug|Any CPU.ActiveCfg = Debug|Any CPU
		{F940AC50-C6B9-404B-8D89-78ED0B3AD265}.Debug|Any CPU.Build.0 = Debug|Any CPU
		{F940AC50-C6B9-404B-8D89-78ED0B3AD265}.Release|Any CPU.ActiveCfg = Release|Any CPU
		{F940AC50-C6B9-404B-8D89-78ED0B3AD265}.Release|Any CPU.Build.0 = Release|Any CPU
		{32F64237-9A5D-40A9-95C6-4F9236A0F1D4}.Debug|Any CPU.ActiveCfg = Debug|Any CPU
		{32F64237-9A5D-40A9-95C6-4F9236A0F1D4}.Debug|Any CPU.Build.0 = Debug|Any CPU
		{32F64237-9A5D-40A9-95C6-4F9236A0F1D4}.Release|Any CPU.ActiveCfg = Release|Any CPU
		{32F64237-9A5D-40A9-95C6-4F9236A0F1D4}.Release|Any CPU.Build.0 = Release|Any CPU
		{CD1AC197-D265-4D0A-9ED7-F527777965BC}.Debug|Any CPU.ActiveCfg = Debug|Any CPU
		{CD1AC197-D265-4D0A-9ED7-F527777965BC}.Debug|Any CPU.Build.0 = Debug|Any CPU
		{CD1AC197-D265-4D0A-9ED7-F527777965BC}.Release|Any CPU.ActiveCfg = Release|Any CPU
		{CD1AC197-D265-4D0A-9ED7-F527777965BC}.Release|Any CPU.Build.0 = Release|Any CPU
		{88744FAC-C8B3-406F-8CFF-7A4D1FE96120}.Debug|Any CPU.ActiveCfg = Debug|Any CPU
		{88744FAC-C8B3-406F-8CFF-7A4D1FE96120}.Debug|Any CPU.Build.0 = Debug|Any CPU
		{88744FAC-C8B3-406F-8CFF-7A4D1FE96120}.Release|Any CPU.ActiveCfg = Release|Any CPU
		{88744FAC-C8B3-406F-8CFF-7A4D1FE96120}.Release|Any CPU.Build.0 = Release|Any CPU
	EndGlobalSection
	GlobalSection(SolutionProperties) = preSolution
		HideSolutionNode = FALSE
	EndGlobalSection
	GlobalSection(ExtensibilityGlobals) = postSolution
		SolutionGuid = {A665DF34-21BC-49F6-AF0E-5D40B585EABE}
	EndGlobalSection
EndGlobal
