
Microsoft Visual Studio Solution File, Format Version 12.00
# Visual Studio Version 17
VisualStudioVersion = 17.4.33205.214
MinimumVisualStudioVersion = 10.0.40219.1
Project("{9A19103F-16F7-4668-BE54-9A1E7A4F7556}") = "1. 2920", "BaekJoon\1. 2920.csproj", "{CC8F0067-3331-4E07-8162-55ADBFDBEB5E}"
EndProject
Project("{9A19103F-16F7-4668-BE54-9A1E7A4F7556}") = "2. 2798", "BaekJoon_01\2. 2798.csproj", "{23E35B58-C65E-412B-AB06-47EFF55F7197}"
EndProject
Project("{9A19103F-16F7-4668-BE54-9A1E7A4F7556}") = "3. 1874", "3. 1874\3. 1874.csproj", "{A36A6751-8C7A-497E-9261-B83BF34E0FBE}"
EndProject
Project("{9A19103F-16F7-4668-BE54-9A1E7A4F7556}") = "4. 1966(2)", "4. 1966(2)\4. 1966(2).csproj", "{4C2E8A8A-75D7-43F5-98EE-BAD698410660}"
EndProject
Project("{9A19103F-16F7-4668-BE54-9A1E7A4F7556}") = "5. 5397", "5. 5397\5. 5397.csproj", "{B32D45E4-566F-450A-9A03-CE9706E21216}"
EndProject
Project("{9A19103F-16F7-4668-BE54-9A1E7A4F7556}") = "5-1. 5397(2)", "5-1. 5397(2)\5-1. 5397(2).csproj", "{2ECC7709-8992-4B18-9C96-BDC1F3D82D4B}"
EndProject
Project("{9A19103F-16F7-4668-BE54-9A1E7A4F7556}") = "6. 10930", "6. 10930\6. 10930.csproj", "{E6C19719-0055-49C7-B032-C7446844F28B}"
EndProject
Project("{9A19103F-16F7-4668-BE54-9A1E7A4F7556}") = "7. 1920", "7. 1920\7. 1920.csproj", "{E55E0459-9E1B-4812-862E-13AF7BDB3B34}"
EndProject
Project("{9A19103F-16F7-4668-BE54-9A1E7A4F7556}") = "7-1. 1920(2)", "7-1. 1920(2)\7-1. 1920(2).csproj", "{42B8CBC1-B538-40CB-AC24-42C46F91E96B}"
EndProject
Project("{9A19103F-16F7-4668-BE54-9A1E7A4F7556}") = "8. 4195", "8. 4195\8. 4195.csproj", "{88EB7DFA-CDF1-4C13-A8F7-604249707E6D}"
EndProject
Project("{9A19103F-16F7-4668-BE54-9A1E7A4F7556}") = "9. 2750", "9. 2750\9. 2750.csproj", "{1E7606D5-84F1-493F-8C4E-D2CEB949067B}"
EndProject
Project("{9A19103F-16F7-4668-BE54-9A1E7A4F7556}") = "10. 1427", "10. 1427\10. 1427.csproj", "{D0381152-465B-44EC-835D-6B6DF1B9D172}"
EndProject
Project("{9A19103F-16F7-4668-BE54-9A1E7A4F7556}") = "10-1. 1427", "10-1. 1427\10-1. 1427.csproj", "{934A1830-3866-4FA6-B6B2-48201B9F4159}"
EndProject
Project("{9A19103F-16F7-4668-BE54-9A1E7A4F7556}") = "11. 10814", "11. 10814\11. 10814.csproj", "{840C020D-31B4-4CE7-8709-E82F573542B4}"
EndProject
Project("{9A19103F-16F7-4668-BE54-9A1E7A4F7556}") = "12. 11650", "12. 11650\12. 11650.csproj", "{AD440056-3FD3-421F-B76D-535D6464629B}"
EndProject
Project("{9A19103F-16F7-4668-BE54-9A1E7A4F7556}") = "13. 10989", "13. 11989\13. 10989.csproj", "{A692F378-2104-4825-A583-E9703D4A32EA}"
EndProject
Project("{9A19103F-16F7-4668-BE54-9A1E7A4F7556}") = "14. 2747", "14. 2747\14. 2747.csproj", "{4DBAE34B-FDB2-4966-A110-F5256272B9FA}"
EndProject
Project("{9A19103F-16F7-4668-BE54-9A1E7A4F7556}") = "15. 1047", "15. 1047\15. 1047.csproj", "{CCE2BF29-BC77-4A0E-AA1E-F89DE423EBAF}"
EndProject
Project("{9A19103F-16F7-4668-BE54-9A1E7A4F7556}") = "15-1. 1074", "15-1. 1074\15-1. 1074.csproj", "{9E3C8EA7-2EED-4AE0-81F3-9A113E671B0A}"
EndProject
Project("{9A19103F-16F7-4668-BE54-9A1E7A4F7556}") = "16_ 7490", "16. 7490\16_ 7490.csproj", "{98897DA4-E3EA-4338-8F76-F3C7D9D5C264}"
EndProject
Project("{9A19103F-16F7-4668-BE54-9A1E7A4F7556}") = "16-1_ 7490", "16-1_ 7490\16-1_ 7490.csproj", "{51E47076-71F8-4E87-A092-208D0ADF1F2F}"
EndProject
Project("{9A19103F-16F7-4668-BE54-9A1E7A4F7556}") = "17. 2751", "17. 2751\17. 2751.csproj", "{4BEB4C45-49A7-4EB4-9B28-C18522BCAF57}"
EndProject
Project("{9A19103F-16F7-4668-BE54-9A1E7A4F7556}") = "18_ 11004", "18_ 11004\18_ 11004.csproj", "{D3DAF2DA-6C8C-49AD-AD2A-C02E340D3404}"
EndProject
Project("{9A19103F-16F7-4668-BE54-9A1E7A4F7556}") = "18-1_ 11004", "18-1_ 11004\18-1_ 11004.csproj", "{37D7C223-97F8-4242-871E-28E909506CE6}"
EndProject
Project("{9A19103F-16F7-4668-BE54-9A1E7A4F7556}") = "19_ 1543", "19_ 1543\19_ 1543.csproj", "{28160515-AFAD-4897-8805-501F3C32A8E2}"
EndProject
Project("{9A19103F-16F7-4668-BE54-9A1E7A4F7556}") = "19-1_ 1543", "19-1_ 1543\19-1_ 1543.csproj", "{DB615826-E16E-4ECC-8934-49C413580334}"
EndProject
Project("{9A19103F-16F7-4668-BE54-9A1E7A4F7556}") = "20_ 1568", "20_ 1568\20_ 1568.csproj", "{685A94AD-D7B9-462A-A305-9D0AA430A1EA}"
EndProject
Project("{9A19103F-16F7-4668-BE54-9A1E7A4F7556}") = "21_ 1699", "21_ 1699\21_ 1699.csproj", "{70AE1A90-513F-441E-9C17-CD1A419D3031}"
EndProject
Project("{9A19103F-16F7-4668-BE54-9A1E7A4F7556}") = "22_ 1302", "22_ 1302\22_ 1302.csproj", "{B94BF258-AB40-4C38-B790-82926DB92D0D}"
EndProject
Project("{9A19103F-16F7-4668-BE54-9A1E7A4F7556}") = "23_ 1668", "23_ 1668\23_ 1668.csproj", "{397B5AA5-EBCD-4A9B-A04E-34A2A3F82145}"
EndProject
Project("{9A19103F-16F7-4668-BE54-9A1E7A4F7556}") = "24_1236", "24_1236\24_1236.csproj", "{F6A227FF-6F60-4450-A507-2AC85F1420B7}"
EndProject
Project("{9A19103F-16F7-4668-BE54-9A1E7A4F7556}") = "25_ 2550", "25_ 2550\25_ 2550.csproj", "{B2E57036-0027-4F5A-980F-EE372D9D3145}"
EndProject
Project("{9A19103F-16F7-4668-BE54-9A1E7A4F7556}") = "26_ 1939", "26_ 1939\26_ 1939.csproj", "{4D51651E-F1F7-4A0D-A20D-1DEE8BF987A6}"
EndProject
Project("{9A19103F-16F7-4668-BE54-9A1E7A4F7556}") = "27_ 11399", "27_ 11399\27_ 11399.csproj", "{D7867644-E44A-4C00-878D-6C1427EEC612}"
EndProject
Project("{9A19103F-16F7-4668-BE54-9A1E7A4F7556}") = "28_ 1991", "28_ 1991\28_ 1991.csproj", "{75936ECE-94BD-4A0A-9EB3-7CCFCF943A7D}"
EndProject
Project("{9A19103F-16F7-4668-BE54-9A1E7A4F7556}") = "29_2250", "29_2250\29_2250.csproj", "{DBF5CC22-F2AD-4AE0-B3F2-D59433FA2B08}"
EndProject
Project("{FAE04EC0-301F-11D3-BF4B-00C04F79EFBC}") = "29_1_2250", "29_1_2550\29_1_2250.csproj", "{D0A1B1A5-3440-431D-9EEA-934D1097E3A7}"
EndProject
Global
	GlobalSection(SolutionConfigurationPlatforms) = preSolution
		Debug|Any CPU = Debug|Any CPU
		Release|Any CPU = Release|Any CPU
	EndGlobalSection
	GlobalSection(ProjectConfigurationPlatforms) = postSolution
		{CC8F0067-3331-4E07-8162-55ADBFDBEB5E}.Debug|Any CPU.ActiveCfg = Debug|Any CPU
		{CC8F0067-3331-4E07-8162-55ADBFDBEB5E}.Debug|Any CPU.Build.0 = Debug|Any CPU
		{CC8F0067-3331-4E07-8162-55ADBFDBEB5E}.Release|Any CPU.ActiveCfg = Release|Any CPU
		{CC8F0067-3331-4E07-8162-55ADBFDBEB5E}.Release|Any CPU.Build.0 = Release|Any CPU
		{23E35B58-C65E-412B-AB06-47EFF55F7197}.Debug|Any CPU.ActiveCfg = Debug|Any CPU
		{23E35B58-C65E-412B-AB06-47EFF55F7197}.Debug|Any CPU.Build.0 = Debug|Any CPU
		{23E35B58-C65E-412B-AB06-47EFF55F7197}.Release|Any CPU.ActiveCfg = Release|Any CPU
		{23E35B58-C65E-412B-AB06-47EFF55F7197}.Release|Any CPU.Build.0 = Release|Any CPU
		{A36A6751-8C7A-497E-9261-B83BF34E0FBE}.Debug|Any CPU.ActiveCfg = Debug|Any CPU
		{A36A6751-8C7A-497E-9261-B83BF34E0FBE}.Debug|Any CPU.Build.0 = Debug|Any CPU
		{A36A6751-8C7A-497E-9261-B83BF34E0FBE}.Release|Any CPU.ActiveCfg = Release|Any CPU
		{A36A6751-8C7A-497E-9261-B83BF34E0FBE}.Release|Any CPU.Build.0 = Release|Any CPU
		{4C2E8A8A-75D7-43F5-98EE-BAD698410660}.Debug|Any CPU.ActiveCfg = Debug|Any CPU
		{4C2E8A8A-75D7-43F5-98EE-BAD698410660}.Debug|Any CPU.Build.0 = Debug|Any CPU
		{4C2E8A8A-75D7-43F5-98EE-BAD698410660}.Release|Any CPU.ActiveCfg = Release|Any CPU
		{4C2E8A8A-75D7-43F5-98EE-BAD698410660}.Release|Any CPU.Build.0 = Release|Any CPU
		{B32D45E4-566F-450A-9A03-CE9706E21216}.Debug|Any CPU.ActiveCfg = Debug|Any CPU
		{B32D45E4-566F-450A-9A03-CE9706E21216}.Debug|Any CPU.Build.0 = Debug|Any CPU
		{B32D45E4-566F-450A-9A03-CE9706E21216}.Release|Any CPU.ActiveCfg = Release|Any CPU
		{B32D45E4-566F-450A-9A03-CE9706E21216}.Release|Any CPU.Build.0 = Release|Any CPU
		{2ECC7709-8992-4B18-9C96-BDC1F3D82D4B}.Debug|Any CPU.ActiveCfg = Debug|Any CPU
		{2ECC7709-8992-4B18-9C96-BDC1F3D82D4B}.Debug|Any CPU.Build.0 = Debug|Any CPU
		{2ECC7709-8992-4B18-9C96-BDC1F3D82D4B}.Release|Any CPU.ActiveCfg = Release|Any CPU
		{2ECC7709-8992-4B18-9C96-BDC1F3D82D4B}.Release|Any CPU.Build.0 = Release|Any CPU
		{E6C19719-0055-49C7-B032-C7446844F28B}.Debug|Any CPU.ActiveCfg = Debug|Any CPU
		{E6C19719-0055-49C7-B032-C7446844F28B}.Debug|Any CPU.Build.0 = Debug|Any CPU
		{E6C19719-0055-49C7-B032-C7446844F28B}.Release|Any CPU.ActiveCfg = Release|Any CPU
		{E6C19719-0055-49C7-B032-C7446844F28B}.Release|Any CPU.Build.0 = Release|Any CPU
		{E55E0459-9E1B-4812-862E-13AF7BDB3B34}.Debug|Any CPU.ActiveCfg = Debug|Any CPU
		{E55E0459-9E1B-4812-862E-13AF7BDB3B34}.Debug|Any CPU.Build.0 = Debug|Any CPU
		{E55E0459-9E1B-4812-862E-13AF7BDB3B34}.Release|Any CPU.ActiveCfg = Release|Any CPU
		{E55E0459-9E1B-4812-862E-13AF7BDB3B34}.Release|Any CPU.Build.0 = Release|Any CPU
		{42B8CBC1-B538-40CB-AC24-42C46F91E96B}.Debug|Any CPU.ActiveCfg = Debug|Any CPU
		{42B8CBC1-B538-40CB-AC24-42C46F91E96B}.Debug|Any CPU.Build.0 = Debug|Any CPU
		{42B8CBC1-B538-40CB-AC24-42C46F91E96B}.Release|Any CPU.ActiveCfg = Release|Any CPU
		{42B8CBC1-B538-40CB-AC24-42C46F91E96B}.Release|Any CPU.Build.0 = Release|Any CPU
		{88EB7DFA-CDF1-4C13-A8F7-604249707E6D}.Debug|Any CPU.ActiveCfg = Debug|Any CPU
		{88EB7DFA-CDF1-4C13-A8F7-604249707E6D}.Debug|Any CPU.Build.0 = Debug|Any CPU
		{88EB7DFA-CDF1-4C13-A8F7-604249707E6D}.Release|Any CPU.ActiveCfg = Release|Any CPU
		{88EB7DFA-CDF1-4C13-A8F7-604249707E6D}.Release|Any CPU.Build.0 = Release|Any CPU
		{1E7606D5-84F1-493F-8C4E-D2CEB949067B}.Debug|Any CPU.ActiveCfg = Debug|Any CPU
		{1E7606D5-84F1-493F-8C4E-D2CEB949067B}.Debug|Any CPU.Build.0 = Debug|Any CPU
		{1E7606D5-84F1-493F-8C4E-D2CEB949067B}.Release|Any CPU.ActiveCfg = Release|Any CPU
		{1E7606D5-84F1-493F-8C4E-D2CEB949067B}.Release|Any CPU.Build.0 = Release|Any CPU
		{D0381152-465B-44EC-835D-6B6DF1B9D172}.Debug|Any CPU.ActiveCfg = Debug|Any CPU
		{D0381152-465B-44EC-835D-6B6DF1B9D172}.Debug|Any CPU.Build.0 = Debug|Any CPU
		{D0381152-465B-44EC-835D-6B6DF1B9D172}.Release|Any CPU.ActiveCfg = Release|Any CPU
		{D0381152-465B-44EC-835D-6B6DF1B9D172}.Release|Any CPU.Build.0 = Release|Any CPU
		{934A1830-3866-4FA6-B6B2-48201B9F4159}.Debug|Any CPU.ActiveCfg = Debug|Any CPU
		{934A1830-3866-4FA6-B6B2-48201B9F4159}.Debug|Any CPU.Build.0 = Debug|Any CPU
		{934A1830-3866-4FA6-B6B2-48201B9F4159}.Release|Any CPU.ActiveCfg = Release|Any CPU
		{934A1830-3866-4FA6-B6B2-48201B9F4159}.Release|Any CPU.Build.0 = Release|Any CPU
		{840C020D-31B4-4CE7-8709-E82F573542B4}.Debug|Any CPU.ActiveCfg = Debug|Any CPU
		{840C020D-31B4-4CE7-8709-E82F573542B4}.Debug|Any CPU.Build.0 = Debug|Any CPU
		{840C020D-31B4-4CE7-8709-E82F573542B4}.Release|Any CPU.ActiveCfg = Release|Any CPU
		{840C020D-31B4-4CE7-8709-E82F573542B4}.Release|Any CPU.Build.0 = Release|Any CPU
		{AD440056-3FD3-421F-B76D-535D6464629B}.Debug|Any CPU.ActiveCfg = Debug|Any CPU
		{AD440056-3FD3-421F-B76D-535D6464629B}.Debug|Any CPU.Build.0 = Debug|Any CPU
		{AD440056-3FD3-421F-B76D-535D6464629B}.Release|Any CPU.ActiveCfg = Release|Any CPU
		{AD440056-3FD3-421F-B76D-535D6464629B}.Release|Any CPU.Build.0 = Release|Any CPU
		{A692F378-2104-4825-A583-E9703D4A32EA}.Debug|Any CPU.ActiveCfg = Debug|Any CPU
		{A692F378-2104-4825-A583-E9703D4A32EA}.Debug|Any CPU.Build.0 = Debug|Any CPU
		{A692F378-2104-4825-A583-E9703D4A32EA}.Release|Any CPU.ActiveCfg = Release|Any CPU
		{A692F378-2104-4825-A583-E9703D4A32EA}.Release|Any CPU.Build.0 = Release|Any CPU
		{4DBAE34B-FDB2-4966-A110-F5256272B9FA}.Debug|Any CPU.ActiveCfg = Debug|Any CPU
		{4DBAE34B-FDB2-4966-A110-F5256272B9FA}.Debug|Any CPU.Build.0 = Debug|Any CPU
		{4DBAE34B-FDB2-4966-A110-F5256272B9FA}.Release|Any CPU.ActiveCfg = Release|Any CPU
		{4DBAE34B-FDB2-4966-A110-F5256272B9FA}.Release|Any CPU.Build.0 = Release|Any CPU
		{CCE2BF29-BC77-4A0E-AA1E-F89DE423EBAF}.Debug|Any CPU.ActiveCfg = Debug|Any CPU
		{CCE2BF29-BC77-4A0E-AA1E-F89DE423EBAF}.Debug|Any CPU.Build.0 = Debug|Any CPU
		{CCE2BF29-BC77-4A0E-AA1E-F89DE423EBAF}.Release|Any CPU.ActiveCfg = Release|Any CPU
		{CCE2BF29-BC77-4A0E-AA1E-F89DE423EBAF}.Release|Any CPU.Build.0 = Release|Any CPU
		{9E3C8EA7-2EED-4AE0-81F3-9A113E671B0A}.Debug|Any CPU.ActiveCfg = Debug|Any CPU
		{9E3C8EA7-2EED-4AE0-81F3-9A113E671B0A}.Debug|Any CPU.Build.0 = Debug|Any CPU
		{9E3C8EA7-2EED-4AE0-81F3-9A113E671B0A}.Release|Any CPU.ActiveCfg = Release|Any CPU
		{9E3C8EA7-2EED-4AE0-81F3-9A113E671B0A}.Release|Any CPU.Build.0 = Release|Any CPU
		{98897DA4-E3EA-4338-8F76-F3C7D9D5C264}.Debug|Any CPU.ActiveCfg = Debug|Any CPU
		{98897DA4-E3EA-4338-8F76-F3C7D9D5C264}.Debug|Any CPU.Build.0 = Debug|Any CPU
		{98897DA4-E3EA-4338-8F76-F3C7D9D5C264}.Release|Any CPU.ActiveCfg = Release|Any CPU
		{98897DA4-E3EA-4338-8F76-F3C7D9D5C264}.Release|Any CPU.Build.0 = Release|Any CPU
		{51E47076-71F8-4E87-A092-208D0ADF1F2F}.Debug|Any CPU.ActiveCfg = Debug|Any CPU
		{51E47076-71F8-4E87-A092-208D0ADF1F2F}.Debug|Any CPU.Build.0 = Debug|Any CPU
		{51E47076-71F8-4E87-A092-208D0ADF1F2F}.Release|Any CPU.ActiveCfg = Release|Any CPU
		{51E47076-71F8-4E87-A092-208D0ADF1F2F}.Release|Any CPU.Build.0 = Release|Any CPU
		{4BEB4C45-49A7-4EB4-9B28-C18522BCAF57}.Debug|Any CPU.ActiveCfg = Debug|Any CPU
		{4BEB4C45-49A7-4EB4-9B28-C18522BCAF57}.Debug|Any CPU.Build.0 = Debug|Any CPU
		{4BEB4C45-49A7-4EB4-9B28-C18522BCAF57}.Release|Any CPU.ActiveCfg = Release|Any CPU
		{4BEB4C45-49A7-4EB4-9B28-C18522BCAF57}.Release|Any CPU.Build.0 = Release|Any CPU
		{D3DAF2DA-6C8C-49AD-AD2A-C02E340D3404}.Debug|Any CPU.ActiveCfg = Debug|Any CPU
		{D3DAF2DA-6C8C-49AD-AD2A-C02E340D3404}.Debug|Any CPU.Build.0 = Debug|Any CPU
		{D3DAF2DA-6C8C-49AD-AD2A-C02E340D3404}.Release|Any CPU.ActiveCfg = Release|Any CPU
		{D3DAF2DA-6C8C-49AD-AD2A-C02E340D3404}.Release|Any CPU.Build.0 = Release|Any CPU
		{37D7C223-97F8-4242-871E-28E909506CE6}.Debug|Any CPU.ActiveCfg = Debug|Any CPU
		{37D7C223-97F8-4242-871E-28E909506CE6}.Debug|Any CPU.Build.0 = Debug|Any CPU
		{37D7C223-97F8-4242-871E-28E909506CE6}.Release|Any CPU.ActiveCfg = Release|Any CPU
		{37D7C223-97F8-4242-871E-28E909506CE6}.Release|Any CPU.Build.0 = Release|Any CPU
		{28160515-AFAD-4897-8805-501F3C32A8E2}.Debug|Any CPU.ActiveCfg = Debug|Any CPU
		{28160515-AFAD-4897-8805-501F3C32A8E2}.Debug|Any CPU.Build.0 = Debug|Any CPU
		{28160515-AFAD-4897-8805-501F3C32A8E2}.Release|Any CPU.ActiveCfg = Release|Any CPU
		{28160515-AFAD-4897-8805-501F3C32A8E2}.Release|Any CPU.Build.0 = Release|Any CPU
		{DB615826-E16E-4ECC-8934-49C413580334}.Debug|Any CPU.ActiveCfg = Debug|Any CPU
		{DB615826-E16E-4ECC-8934-49C413580334}.Debug|Any CPU.Build.0 = Debug|Any CPU
		{DB615826-E16E-4ECC-8934-49C413580334}.Release|Any CPU.ActiveCfg = Release|Any CPU
		{DB615826-E16E-4ECC-8934-49C413580334}.Release|Any CPU.Build.0 = Release|Any CPU
		{685A94AD-D7B9-462A-A305-9D0AA430A1EA}.Debug|Any CPU.ActiveCfg = Debug|Any CPU
		{685A94AD-D7B9-462A-A305-9D0AA430A1EA}.Debug|Any CPU.Build.0 = Debug|Any CPU
		{685A94AD-D7B9-462A-A305-9D0AA430A1EA}.Release|Any CPU.ActiveCfg = Release|Any CPU
		{685A94AD-D7B9-462A-A305-9D0AA430A1EA}.Release|Any CPU.Build.0 = Release|Any CPU
		{70AE1A90-513F-441E-9C17-CD1A419D3031}.Debug|Any CPU.ActiveCfg = Debug|Any CPU
		{70AE1A90-513F-441E-9C17-CD1A419D3031}.Debug|Any CPU.Build.0 = Debug|Any CPU
		{70AE1A90-513F-441E-9C17-CD1A419D3031}.Release|Any CPU.ActiveCfg = Release|Any CPU
		{70AE1A90-513F-441E-9C17-CD1A419D3031}.Release|Any CPU.Build.0 = Release|Any CPU
		{B94BF258-AB40-4C38-B790-82926DB92D0D}.Debug|Any CPU.ActiveCfg = Debug|Any CPU
		{B94BF258-AB40-4C38-B790-82926DB92D0D}.Debug|Any CPU.Build.0 = Debug|Any CPU
		{B94BF258-AB40-4C38-B790-82926DB92D0D}.Release|Any CPU.ActiveCfg = Release|Any CPU
		{B94BF258-AB40-4C38-B790-82926DB92D0D}.Release|Any CPU.Build.0 = Release|Any CPU
		{397B5AA5-EBCD-4A9B-A04E-34A2A3F82145}.Debug|Any CPU.ActiveCfg = Debug|Any CPU
		{397B5AA5-EBCD-4A9B-A04E-34A2A3F82145}.Debug|Any CPU.Build.0 = Debug|Any CPU
		{397B5AA5-EBCD-4A9B-A04E-34A2A3F82145}.Release|Any CPU.ActiveCfg = Release|Any CPU
		{397B5AA5-EBCD-4A9B-A04E-34A2A3F82145}.Release|Any CPU.Build.0 = Release|Any CPU
		{F6A227FF-6F60-4450-A507-2AC85F1420B7}.Debug|Any CPU.ActiveCfg = Debug|Any CPU
		{F6A227FF-6F60-4450-A507-2AC85F1420B7}.Debug|Any CPU.Build.0 = Debug|Any CPU
		{F6A227FF-6F60-4450-A507-2AC85F1420B7}.Release|Any CPU.ActiveCfg = Release|Any CPU
		{F6A227FF-6F60-4450-A507-2AC85F1420B7}.Release|Any CPU.Build.0 = Release|Any CPU
		{B2E57036-0027-4F5A-980F-EE372D9D3145}.Debug|Any CPU.ActiveCfg = Debug|Any CPU
		{B2E57036-0027-4F5A-980F-EE372D9D3145}.Debug|Any CPU.Build.0 = Debug|Any CPU
		{B2E57036-0027-4F5A-980F-EE372D9D3145}.Release|Any CPU.ActiveCfg = Release|Any CPU
		{B2E57036-0027-4F5A-980F-EE372D9D3145}.Release|Any CPU.Build.0 = Release|Any CPU
		{4D51651E-F1F7-4A0D-A20D-1DEE8BF987A6}.Debug|Any CPU.ActiveCfg = Debug|Any CPU
		{4D51651E-F1F7-4A0D-A20D-1DEE8BF987A6}.Debug|Any CPU.Build.0 = Debug|Any CPU
		{4D51651E-F1F7-4A0D-A20D-1DEE8BF987A6}.Release|Any CPU.ActiveCfg = Release|Any CPU
		{4D51651E-F1F7-4A0D-A20D-1DEE8BF987A6}.Release|Any CPU.Build.0 = Release|Any CPU
		{D7867644-E44A-4C00-878D-6C1427EEC612}.Debug|Any CPU.ActiveCfg = Debug|Any CPU
		{D7867644-E44A-4C00-878D-6C1427EEC612}.Debug|Any CPU.Build.0 = Debug|Any CPU
		{D7867644-E44A-4C00-878D-6C1427EEC612}.Release|Any CPU.ActiveCfg = Release|Any CPU
		{D7867644-E44A-4C00-878D-6C1427EEC612}.Release|Any CPU.Build.0 = Release|Any CPU
		{75936ECE-94BD-4A0A-9EB3-7CCFCF943A7D}.Debug|Any CPU.ActiveCfg = Debug|Any CPU
		{75936ECE-94BD-4A0A-9EB3-7CCFCF943A7D}.Debug|Any CPU.Build.0 = Debug|Any CPU
		{75936ECE-94BD-4A0A-9EB3-7CCFCF943A7D}.Release|Any CPU.ActiveCfg = Release|Any CPU
		{75936ECE-94BD-4A0A-9EB3-7CCFCF943A7D}.Release|Any CPU.Build.0 = Release|Any CPU
		{DBF5CC22-F2AD-4AE0-B3F2-D59433FA2B08}.Debug|Any CPU.ActiveCfg = Debug|Any CPU
		{DBF5CC22-F2AD-4AE0-B3F2-D59433FA2B08}.Debug|Any CPU.Build.0 = Debug|Any CPU
		{DBF5CC22-F2AD-4AE0-B3F2-D59433FA2B08}.Release|Any CPU.ActiveCfg = Release|Any CPU
		{DBF5CC22-F2AD-4AE0-B3F2-D59433FA2B08}.Release|Any CPU.Build.0 = Release|Any CPU
		{D0A1B1A5-3440-431D-9EEA-934D1097E3A7}.Debug|Any CPU.ActiveCfg = Debug|Any CPU
		{D0A1B1A5-3440-431D-9EEA-934D1097E3A7}.Debug|Any CPU.Build.0 = Debug|Any CPU
		{D0A1B1A5-3440-431D-9EEA-934D1097E3A7}.Release|Any CPU.ActiveCfg = Release|Any CPU
		{D0A1B1A5-3440-431D-9EEA-934D1097E3A7}.Release|Any CPU.Build.0 = Release|Any CPU
	EndGlobalSection
	GlobalSection(SolutionProperties) = preSolution
		HideSolutionNode = FALSE
	EndGlobalSection
	GlobalSection(ExtensibilityGlobals) = postSolution
		SolutionGuid = {7967281C-1D09-4B11-A0B8-DD87DF637AF3}
	EndGlobalSection
EndGlobal
