
Microsoft Visual Studio Solution File, Format Version 12.00
# Visual Studio Version 17
VisualStudioVersion = 17.4.33205.214
MinimumVisualStudioVersion = 10.0.40219.1
Project("{9A19103F-16F7-4668-BE54-9A1E7A4F7556}") = "1. 2920", "BaekJoon\1. 2920.csproj", "{CC8F0067-3331-4E07-8162-55ADBFDBEB5E}"
EndProject
Project("{9A19103F-16F7-4668-BE54-9A1E7A4F7556}") = "2. 2798", "BaekJoon_01\2. 2798.csproj", "{23E35B58-C65E-412B-AB06-47EFF55F7197}"
EndProject
Global
	GlobalSection(SolutionConfigurationPlatforms) = preSolution
		Debug|Any CPU = Debug|Any CPU
		Release|Any CPU = Release|Any CPU
	EndGlobalSection
	GlobalSection(ProjectConfigurationPlatforms) = postSolution
		{CC8F0067-3331-4E07-8162-55ADBFDBEB5E}.Debug|Any CPU.ActiveCfg = Debug|Any CPU
		{CC8F0067-3331-4E07-8162-55ADBFDBEB5E}.Debug|Any CPU.Build.0 = Debug|Any CPU
		{CC8F0067-3331-4E07-8162-55ADBFDBEB5E}.Release|Any CPU.ActiveCfg = Release|Any CPU
		{CC8F0067-3331-4E07-8162-55ADBFDBEB5E}.Release|Any CPU.Build.0 = Release|Any CPU
		{23E35B58-C65E-412B-AB06-47EFF55F7197}.Debug|Any CPU.ActiveCfg = Debug|Any CPU
		{23E35B58-C65E-412B-AB06-47EFF55F7197}.Debug|Any CPU.Build.0 = Debug|Any CPU
		{23E35B58-C65E-412B-AB06-47EFF55F7197}.Release|Any CPU.ActiveCfg = Release|Any CPU
		{23E35B58-C65E-412B-AB06-47EFF55F7197}.Release|Any CPU.Build.0 = Release|Any CPU
	EndGlobalSection
	GlobalSection(SolutionProperties) = preSolution
		HideSolutionNode = FALSE
	EndGlobalSection
	GlobalSection(ExtensibilityGlobals) = postSolution
		SolutionGuid = {7967281C-1D09-4B11-A0B8-DD87DF637AF3}
	EndGlobalSection
EndGlobal
