
Microsoft Visual Studio Solution File, Format Version 12.00
# Visual Studio Version 17
VisualStudioVersion = 17.4.33205.214
MinimumVisualStudioVersion = 10.0.40219.1
Project("{9A19103F-16F7-4668-BE54-9A1E7A4F7556}") = "1. 2920", "BaekJoon\1. 2920.csproj", "{CC8F0067-3331-4E07-8162-55ADBFDBEB5E}"
EndProject
Project("{9A19103F-16F7-4668-BE54-9A1E7A4F7556}") = "2. 2798", "BaekJoon_01\2. 2798.csproj", "{23E35B58-C65E-412B-AB06-47EFF55F7197}"
EndProject
Project("{9A19103F-16F7-4668-BE54-9A1E7A4F7556}") = "3. 1874", "3. 1874\3. 1874.csproj", "{A36A6751-8C7A-497E-9261-B83BF34E0FBE}"
EndProject
Project("{9A19103F-16F7-4668-BE54-9A1E7A4F7556}") = "4. 1966(2)", "4. 1966(2)\4. 1966(2).csproj", "{4C2E8A8A-75D7-43F5-98EE-BAD698410660}"
EndProject
Project("{9A19103F-16F7-4668-BE54-9A1E7A4F7556}") = "5. 5397", "5. 5397\5. 5397.csproj", "{B32D45E4-566F-450A-9A03-CE9706E21216}"
EndProject
Project("{FAE04EC0-301F-11D3-BF4B-00C04F79EFBC}") = "5-1. 5397(2)", "5-1. 5397(2)\5-1. 5397(2).csproj", "{2ECC7709-8992-4B18-9C96-BDC1F3D82D4B}"
EndProject
Global
	GlobalSection(SolutionConfigurationPlatforms) = preSolution
		Debug|Any CPU = Debug|Any CPU
		Release|Any CPU = Release|Any CPU
	EndGlobalSection
	GlobalSection(ProjectConfigurationPlatforms) = postSolution
		{CC8F0067-3331-4E07-8162-55ADBFDBEB5E}.Debug|Any CPU.ActiveCfg = Debug|Any CPU
		{CC8F0067-3331-4E07-8162-55ADBFDBEB5E}.Debug|Any CPU.Build.0 = Debug|Any CPU
		{CC8F0067-3331-4E07-8162-55ADBFDBEB5E}.Release|Any CPU.ActiveCfg = Release|Any CPU
		{CC8F0067-3331-4E07-8162-55ADBFDBEB5E}.Release|Any CPU.Build.0 = Release|Any CPU
		{23E35B58-C65E-412B-AB06-47EFF55F7197}.Debug|Any CPU.ActiveCfg = Debug|Any CPU
		{23E35B58-C65E-412B-AB06-47EFF55F7197}.Debug|Any CPU.Build.0 = Debug|Any CPU
		{23E35B58-C65E-412B-AB06-47EFF55F7197}.Release|Any CPU.ActiveCfg = Release|Any CPU
		{23E35B58-C65E-412B-AB06-47EFF55F7197}.Release|Any CPU.Build.0 = Release|Any CPU
		{A36A6751-8C7A-497E-9261-B83BF34E0FBE}.Debug|Any CPU.ActiveCfg = Debug|Any CPU
		{A36A6751-8C7A-497E-9261-B83BF34E0FBE}.Debug|Any CPU.Build.0 = Debug|Any CPU
		{A36A6751-8C7A-497E-9261-B83BF34E0FBE}.Release|Any CPU.ActiveCfg = Release|Any CPU
		{A36A6751-8C7A-497E-9261-B83BF34E0FBE}.Release|Any CPU.Build.0 = Release|Any CPU
		{4C2E8A8A-75D7-43F5-98EE-BAD698410660}.Debug|Any CPU.ActiveCfg = Debug|Any CPU
		{4C2E8A8A-75D7-43F5-98EE-BAD698410660}.Debug|Any CPU.Build.0 = Debug|Any CPU
		{4C2E8A8A-75D7-43F5-98EE-BAD698410660}.Release|Any CPU.ActiveCfg = Release|Any CPU
		{4C2E8A8A-75D7-43F5-98EE-BAD698410660}.Release|Any CPU.Build.0 = Release|Any CPU
		{B32D45E4-566F-450A-9A03-CE9706E21216}.Debug|Any CPU.ActiveCfg = Debug|Any CPU
		{B32D45E4-566F-450A-9A03-CE9706E21216}.Debug|Any CPU.Build.0 = Debug|Any CPU
		{B32D45E4-566F-450A-9A03-CE9706E21216}.Release|Any CPU.ActiveCfg = Release|Any CPU
		{B32D45E4-566F-450A-9A03-CE9706E21216}.Release|Any CPU.Build.0 = Release|Any CPU
		{2ECC7709-8992-4B18-9C96-BDC1F3D82D4B}.Debug|Any CPU.ActiveCfg = Debug|Any CPU
		{2ECC7709-8992-4B18-9C96-BDC1F3D82D4B}.Debug|Any CPU.Build.0 = Debug|Any CPU
		{2ECC7709-8992-4B18-9C96-BDC1F3D82D4B}.Release|Any CPU.ActiveCfg = Release|Any CPU
		{2ECC7709-8992-4B18-9C96-BDC1F3D82D4B}.Release|Any CPU.Build.0 = Release|Any CPU
	EndGlobalSection
	GlobalSection(SolutionProperties) = preSolution
		HideSolutionNode = FALSE
	EndGlobalSection
	GlobalSection(ExtensibilityGlobals) = postSolution
		SolutionGuid = {7967281C-1D09-4B11-A0B8-DD87DF637AF3}
	EndGlobalSection
EndGlobal
